
Microsoft Visual Studio Solution File, Format Version 12.00
# Visual Studio Version 16
VisualStudioVersion = 16.0.31205.134
MinimumVisualStudioVersion = 10.0.40219.1
Project("{FAE04EC0-301F-11D3-BF4B-00C04F79EFBC}") = "Projecto_de_DA", "Projecto_de_DA.csproj", "{C099DBE2-F12F-488D-9248-2CEC9B544F4E}"
EndProject
Global
	GlobalSection(SolutionConfigurationPlatforms) = preSolution
		Debug|Any CPU = Debug|Any CPU
		Release|Any CPU = Release|Any CPU
	EndGlobalSection
	GlobalSection(ProjectConfigurationPlatforms) = postSolution
		{C099DBE2-F12F-488D-9248-2CEC9B544F4E}.Debug|Any CPU.ActiveCfg = Debug|Any CPU
		{C099DBE2-F12F-488D-9248-2CEC9B544F4E}.Debug|Any CPU.Build.0 = Debug|Any CPU
		{C099DBE2-F12F-488D-9248-2CEC9B544F4E}.Release|Any CPU.ActiveCfg = Release|Any CPU
		{C099DBE2-F12F-488D-9248-2CEC9B544F4E}.Release|Any CPU.Build.0 = Release|Any CPU
	EndGlobalSection
	GlobalSection(SolutionProperties) = preSolution
		HideSolutionNode = FALSE
	EndGlobalSection
	GlobalSection(ExtensibilityGlobals) = postSolution
		SolutionGuid = {81AD60AA-575B-4B2C-9914-DDD418A3456E}
	EndGlobalSection
EndGlobal
